{
  "nodes": {
    "attic": {
      "inputs": {
        "crane": "crane",
        "flake-compat": "flake-compat",
        "flake-utils": "flake-utils",
        "nixpkgs": "nixpkgs",
        "nixpkgs-stable": "nixpkgs-stable"
      },
      "locked": {
        "lastModified": 1724542262,
        "narHash": "sha256-1W9Cw4xw8jb5zAF4YXN1PoAmClR9zS0k+Yyt6E8gfmE=",
        "owner": "zhaofengli",
        "repo": "attic",
        "rev": "c2354f658582f7c870316dfce612cf7454720abe",
        "type": "github"
      },
      "original": {
        "owner": "zhaofengli",
        "repo": "attic",
        "type": "github"
      }
    },
    "crab_share": {
      "inputs": {
        "nixpkgs": "nixpkgs_2"
      },
      "locked": {
        "lastModified": 1700222765,
        "narHash": "sha256-KBOUbzUbIzTWvZn18H4kHEjp3P/rnDNSOl6xiim977Q=",
        "owner": "lounge-rocks",
        "repo": "crab_share",
        "rev": "03f235e4599f07c681f3756c2b45b2ec7d1d1094",
        "type": "github"
      },
      "original": {
        "owner": "lounge-rocks",
        "repo": "crab_share",
        "type": "github"
      }
    },
    "crane": {
      "inputs": {
        "nixpkgs": [
          "attic",
          "nixpkgs"
        ]
      },
      "locked": {
        "lastModified": 1722960479,
        "narHash": "sha256-NhCkJJQhD5GUib8zN9JrmYGMwt4lCRp6ZVNzIiYCl0Y=",
        "owner": "ipetkov",
        "repo": "crane",
        "rev": "4c6c77920b8d44cd6660c1621dea6b3fc4b4c4f4",
        "type": "github"
      },
      "original": {
        "owner": "ipetkov",
        "repo": "crane",
        "type": "github"
      }
    },
    "disko": {
      "inputs": {
        "nixpkgs": [
          "nixpkgs"
        ]
      },
      "locked": {
        "lastModified": 1724639687,
        "narHash": "sha256-L2h46/z8WExNvtCEdZ8YuMu5TwfAGsKXXgM7pyIShvs=",
        "owner": "nix-community",
        "repo": "disko",
        "rev": "b09eb605e376c9e95c87c0ef3fcb8008e11c8368",
        "type": "github"
      },
      "original": {
        "owner": "nix-community",
        "repo": "disko",
        "type": "github"
      }
    },
    "flake-compat": {
      "flake": false,
      "locked": {
        "lastModified": 1696426674,
        "narHash": "sha256-kvjfFW7WAETZlt09AgDn1MrtKzP7t90Vf7vypd3OL1U=",
        "owner": "edolstra",
        "repo": "flake-compat",
        "rev": "0f9255e01c2351cc7d116c072cb317785dd33b33",
        "type": "github"
      },
      "original": {
        "owner": "edolstra",
        "repo": "flake-compat",
        "type": "github"
      }
    },
    "flake-parts": {
      "inputs": {
        "nixpkgs-lib": "nixpkgs-lib"
      },
      "locked": {
        "lastModified": 1714641030,
        "narHash": "sha256-yzcRNDoyVP7+SCNX0wmuDju1NUCt8Dz9+lyUXEI0dbI=",
        "owner": "hercules-ci",
        "repo": "flake-parts",
        "rev": "e5d10a24b66c3ea8f150e47dfdb0416ab7c3390e",
        "type": "github"
      },
      "original": {
        "owner": "hercules-ci",
        "repo": "flake-parts",
        "type": "github"
      }
    },
    "flake-pipeliner": {
      "inputs": {
        "nixpkgs": [
          "nixpkgs"
        ]
      },
      "locked": {
        "lastModified": 1709113506,
        "narHash": "sha256-TXWYjnpHOTrnJJz3fdR3m+35NXeXOkz4F9OMux15vNo=",
        "owner": "pinpox",
        "repo": "woodpecker-flake-pipeliner",
        "rev": "d37db56180ce2c496a5c9abc7a36feabc0f474a0",
        "type": "github"
      },
      "original": {
        "owner": "pinpox",
        "repo": "woodpecker-flake-pipeliner",
        "type": "github"
      }
    },
    "flake-utils": {
      "inputs": {
        "systems": "systems"
      },
      "locked": {
        "lastModified": 1710146030,
        "narHash": "sha256-SZ5L6eA7HJ/nmkzGG7/ISclqe6oZdOZTNoesiInkXPQ=",
        "owner": "numtide",
        "repo": "flake-utils",
        "rev": "b1d9ab70662946ef0850d488da1c9019f3a9752a",
        "type": "github"
      },
      "original": {
        "owner": "numtide",
        "repo": "flake-utils",
        "type": "github"
      }
    },
    "flake-utils_2": {
      "inputs": {
        "systems": "systems_2"
      },
      "locked": {
        "lastModified": 1710146030,
        "narHash": "sha256-SZ5L6eA7HJ/nmkzGG7/ISclqe6oZdOZTNoesiInkXPQ=",
        "owner": "numtide",
        "repo": "flake-utils",
        "rev": "b1d9ab70662946ef0850d488da1c9019f3a9752a",
        "type": "github"
      },
      "original": {
        "owner": "numtide",
        "repo": "flake-utils",
        "type": "github"
      }
    },
    "lollypops": {
      "inputs": {
        "flake-utils": "flake-utils_2",
        "nixpkgs": [
          "nixpkgs"
        ]
      },
      "locked": {
        "lastModified": 1717250618,
        "narHash": "sha256-BjbIcwtNCeRzZ/UgCIkFG7Trk6dagGxOEqNv9wOzER8=",
        "owner": "pinpox",
        "repo": "lollypops",
        "rev": "c52f704a4bf44bd793558c9080982a38e77af01b",
        "type": "github"
      },
      "original": {
        "owner": "pinpox",
        "repo": "lollypops",
        "type": "github"
      }
    },
    "nix-fast-build": {
      "inputs": {
        "flake-parts": "flake-parts",
        "nixpkgs": "nixpkgs_3",
        "treefmt-nix": "treefmt-nix"
      },
      "locked": {
        "lastModified": 1719475157,
        "narHash": "sha256-8zW6eWvE9T03cMpo/hY8RRZIsSCfs1zmsJOkEZzuYwM=",
        "owner": "Mic92",
        "repo": "nix-fast-build",
        "rev": "030e586195c97424844965d2ce680140f6565c02",
        "type": "github"
      },
      "original": {
        "owner": "Mic92",
        "repo": "nix-fast-build",
        "type": "github"
      }
    },
    "nixpkgs": {
      "locked": {
        "lastModified": 1723827930,
        "narHash": "sha256-EU+W5F6y2CVNxGrGIMpY7nSVYq72WRChYxF4zpjx0y4=",
        "owner": "NixOS",
        "repo": "nixpkgs",
        "rev": "d4a7a4d0e066278bfb0d77bd2a7adde1c0ec9e3d",
        "type": "github"
      },
      "original": {
        "owner": "NixOS",
        "ref": "nixpkgs-unstable",
        "repo": "nixpkgs",
        "type": "github"
      }
    },
    "nixpkgs-lib": {
      "locked": {
        "lastModified": 1714640452,
        "narHash": "sha256-QBx10+k6JWz6u7VsohfSw8g8hjdBZEf8CFzXH1/1Z94=",
        "type": "tarball",
        "url": "https://github.com/NixOS/nixpkgs/archive/50eb7ecf4cd0a5756d7275c8ba36790e5bd53e33.tar.gz"
      },
      "original": {
        "type": "tarball",
        "url": "https://github.com/NixOS/nixpkgs/archive/50eb7ecf4cd0a5756d7275c8ba36790e5bd53e33.tar.gz"
      }
    },
    "nixpkgs-stable": {
      "locked": {
        "lastModified": 1720535198,
        "narHash": "sha256-zwVvxrdIzralnSbcpghA92tWu2DV2lwv89xZc8MTrbg=",
        "owner": "NixOS",
        "repo": "nixpkgs",
        "rev": "205fd4226592cc83fd4c0885a3e4c9c400efabb5",
        "type": "github"
      },
      "original": {
        "owner": "NixOS",
        "ref": "nixos-23.11",
        "repo": "nixpkgs",
        "type": "github"
      }
    },
    "nixpkgs-stable_2": {
      "locked": {
        "lastModified": 1721524707,
        "narHash": "sha256-5NctRsoE54N86nWd0psae70YSLfrOek3Kv1e8KoXe/0=",
        "owner": "NixOS",
        "repo": "nixpkgs",
        "rev": "556533a23879fc7e5f98dd2e0b31a6911a213171",
        "type": "github"
      },
      "original": {
        "owner": "NixOS",
        "ref": "release-24.05",
        "repo": "nixpkgs",
        "type": "github"
      }
    },
    "nixpkgs_2": {
      "locked": {
        "lastModified": 1687502512,
        "narHash": "sha256-dBL/01TayOSZYxtY4cMXuNCBk8UMLoqRZA+94xiFpJA=",
        "owner": "nixos",
        "repo": "nixpkgs",
        "rev": "3ae20aa58a6c0d1ca95c9b11f59a2d12eebc511f",
        "type": "github"
      },
      "original": {
        "owner": "nixos",
        "ref": "nixos-unstable",
        "repo": "nixpkgs",
        "type": "github"
      }
    },
    "nixpkgs_3": {
      "locked": {
        "lastModified": 1719269760,
        "narHash": "sha256-FWzbmvxTyohbLisIDCAvW0ISz/cu7Mrh8JMykSRoI8s=",
        "owner": "NixOS",
        "repo": "nixpkgs",
        "rev": "4c547b66635455ad061d4beecaf1805810dc0428",
        "type": "github"
      },
      "original": {
        "owner": "NixOS",
        "ref": "nixos-unstable-small",
        "repo": "nixpkgs",
        "type": "github"
      }
    },
    "nixpkgs_4": {
      "locked": {
        "lastModified": 1724479785,
        "narHash": "sha256-pP3Azj5d6M5nmG68Fu4JqZmdGt4S4vqI5f8te+E/FTw=",
        "owner": "nixos",
        "repo": "nixpkgs",
        "rev": "d0e1602ddde669d5beb01aec49d71a51937ed7be",
        "type": "github"
      },
      "original": {
        "owner": "nixos",
        "ref": "nixos-unstable",
        "repo": "nixpkgs",
        "type": "github"
      }
    },
    "root": {
      "inputs": {
        "attic": "attic",
        "crab_share": "crab_share",
        "disko": "disko",
        "flake-pipeliner": "flake-pipeliner",
        "lollypops": "lollypops",
        "nix-fast-build": "nix-fast-build",
        "nixpkgs": "nixpkgs_4",
        "sops-nix": "sops-nix"
      }
    },
    "sops-nix": {
      "inputs": {
        "nixpkgs": [
          "nixpkgs"
        ],
        "nixpkgs-stable": "nixpkgs-stable_2"
      },
      "locked": {
        "lastModified": 1723501126,
        "narHash": "sha256-N9IcHgj/p1+2Pvk8P4Zc1bfrMwld5PcosVA0nL6IGdE=",
        "owner": "Mic92",
        "repo": "sops-nix",
        "rev": "be0eec2d27563590194a9206f551a6f73d52fa34",
        "type": "github"
      },
      "original": {
        "owner": "Mic92",
        "repo": "sops-nix",
        "type": "github"
      }
    },
    "systems": {
      "locked": {
        "lastModified": 1681028828,
        "narHash": "sha256-Vy1rq5AaRuLzOxct8nz4T6wlgyUR7zLU309k9mBC768=",
        "owner": "nix-systems",
        "repo": "default",
        "rev": "da67096a3b9bf56a91d16901293e51ba5b49a27e",
        "type": "github"
      },
      "original": {
        "owner": "nix-systems",
        "repo": "default",
        "type": "github"
      }
    },
    "systems_2": {
      "locked": {
        "lastModified": 1681028828,
        "narHash": "sha256-Vy1rq5AaRuLzOxct8nz4T6wlgyUR7zLU309k9mBC768=",
        "owner": "nix-systems",
        "repo": "default",
        "rev": "da67096a3b9bf56a91d16901293e51ba5b49a27e",
        "type": "github"
      },
      "original": {
        "owner": "nix-systems",
        "repo": "default",
        "type": "github"
      }
    },
    "treefmt-nix": {
      "inputs": {
        "nixpkgs": [
          "nix-fast-build",
          "nixpkgs"
        ]
      },
      "locked": {
        "lastModified": 1714058656,
        "narHash": "sha256-Qv4RBm4LKuO4fNOfx9wl40W2rBbv5u5m+whxRYUMiaA=",
        "owner": "numtide",
        "repo": "treefmt-nix",
        "rev": "c6aaf729f34a36c445618580a9f95a48f5e4e03f",
        "type": "github"
      },
      "original": {
        "owner": "numtide",
        "repo": "treefmt-nix",
        "type": "github"
      }
    }
  },
  "root": "root",
  "version": 7
}
